{
  "version": 4,
  "terraform_version": "1.14.7",
  "serial": 233,
  "lineage": "71717ec9-c583-4972-c8f8-247e6b180e66",
  "outputs": {},
  "resources": [
    {
      "mode": "managed",
      "type": "docker_image",
      "name": "supermario",
      "provider": "provider[\"registry.terraform.io/kreuzwerker/docker\"]",
      "instances": [
        {
          "schema_version": 0,
          "attributes": {
            "build": [],
            "force_remove": null,
            "id": "sha256:077ed8c9236afe7875e1678f17150b9f1bf2691fde6c4b81b0253695ec627bbcpengbai/docker-supermario",
            "image_id": "sha256:077ed8c9236afe7875e1678f17150b9f1bf2691fde6c4b81b0253695ec627bbc",
            "keep_locally": null,
            "name": "pengbai/docker-supermario",
            "platform": null,
            "pull_triggers": null,
            "repo_digest": "pengbai/docker-supermario@sha256:8d909e68fbc38de1dc6bef982e0ca8c364f3c8021525c9487cec4374a53f15f5",
            "timeouts": null,
            "triggers": null
          },
          "sensitive_attributes": [],
          "identity_schema_version": 0,
          "private": "eyJlMmJmYjczMC1lY2FhLTExZTYtOGY4OC0zNDM2M2JjN2M0YzAiOnsiY3JlYXRlIjoxMjAwMDAwMDAwMDAwLCJkZWxldGUiOjEyMDAwMDAwMDAwMDAsInVwZGF0ZSI6MTIwMDAwMDAwMDAwMH19"
        }
      ]
    },
    {
      "mode": "managed",
      "type": "docker_image",
      "name": "tetris",
      "provider": "provider[\"registry.terraform.io/kreuzwerker/docker\"]",
      "instances": [
        {
          "schema_version": 0,
          "attributes": {
            "build": [],
            "force_remove": null,
            "id": "sha256:827801013e17b2dac10d54c0b79e641a49d3ae3f6097b5b872d2602bcc34af26bsord/tetris",
            "image_id": "sha256:827801013e17b2dac10d54c0b79e641a49d3ae3f6097b5b872d2602bcc34af26",
            "keep_locally": null,
            "name": "bsord/tetris",
            "platform": null,
            "pull_triggers": null,
            "repo_digest": "bsord/tetris@sha256:2ffffd2f8834dd13734654eeec142aedbd95e6880e52d692a9e59fd9aa2f9634",
            "timeouts": null,
            "triggers": null
          },
          "sensitive_attributes": [],
          "identity_schema_version": 0,
          "private": "eyJlMmJmYjczMC1lY2FhLTExZTYtOGY4OC0zNDM2M2JjN2M0YzAiOnsiY3JlYXRlIjoxMjAwMDAwMDAwMDAwLCJkZWxldGUiOjEyMDAwMDAwMDAwMDAsInVwZGF0ZSI6MTIwMDAwMDAwMDAwMH19"
        }
      ]
    }
  ],
  "check_results": null
}
